Microsoft Visual Studio Solution File, Format Version 12.00
# Visual Studio Version 17
VisualStudioVersion = 17.5.2.0
MinimumVisualStudioVersion = 10.0.40219.1
Project("{FAE04EC0-301F-11D3-BF4B-00C04F79EFBC}") = "SafeHandlerAnalyzer", "SafeHandlerAnalyzer.csproj", "{057A4E1E-9C44-B742-0AEE-3BD2316DD1FE}"
EndProject
Global
	GlobalSection(SolutionConfigurationPlatforms) = preSolution
		Debug|Any CPU = Debug|Any CPU
		Release|Any CPU = Release|Any CPU
	EndGlobalSection
	GlobalSection(ProjectConfigurationPlatforms) = postSolution
		{057A4E1E-9C44-B742-0AEE-3BD2316DD1FE}.Debug|Any CPU.ActiveCfg = Debug|Any CPU
		{057A4E1E-9C44-B742-0AEE-3BD2316DD1FE}.Debug|Any CPU.Build.0 = Debug|Any CPU
		{057A4E1E-9C44-B742-0AEE-3BD2316DD1FE}.Release|Any CPU.ActiveCfg = Release|Any CPU
		{057A4E1E-9C44-B742-0AEE-3BD2316DD1FE}.Release|Any CPU.Build.0 = Release|Any CPU
	EndGlobalSection
	GlobalSection(SolutionProperties) = preSolution
		HideSolutionNode = FALSE
	EndGlobalSection
	GlobalSection(ExtensibilityGlobals) = postSolution
		SolutionGuid = {AF26846E-2302-4EE1-8FF8-4B85E04CBDA4}
	EndGlobalSection
EndGlobal
